// !$*UTF8*$!
{
	archiveVersion = 1;
	classes = {
	};
	objectVersion = 56;
	objects = {

/* Begin PBXBuildFile section */
		C25195592B58139E00A0749E /* AppDelegate.swift in Sources */ = {isa = PBXBuildFile; fileRef = C25195582B58139E00A0749E /* AppDelegate.swift */; };
		C251955B2B58139E00A0749E /* SceneDelegate.swift in Sources */ = {isa = PBXBuildFile; fileRef = C251955A2B58139E00A0749E /* SceneDelegate.swift */; };
		C251955D2B58139E00A0749E /* MainController.swift in Sources */ = {isa = PBXBuildFile; fileRef = C251955C2B58139E00A0749E /* MainController.swift */; };
		C25195622B5813A000A0749E /* Assets.xcassets in Resources */ = {isa = PBXBuildFile; fileRef = C25195612B5813A000A0749E /* Assets.xcassets */; };
		C25195652B5813A000A0749E /* LaunchScreen.storyboard in Resources */ = {isa = PBXBuildFile; fileRef = C25195632B5813A000A0749E /* LaunchScreen.storyboard */; };
		C251957B2B58272E00A0749E /* BaseViewController.swift in Sources */ = {isa = PBXBuildFile; fileRef = C251956F2B58272D00A0749E /* BaseViewController.swift */; };
		C251957C2B58272E00A0749E /* BaseCoordinator.swift in Sources */ = {isa = PBXBuildFile; fileRef = C25195702B58272D00A0749E /* BaseCoordinator.swift */; };
		C251957D2B58272E00A0749E /* CoordinatorRequest.swift in Sources */ = {isa = PBXBuildFile; fileRef = C25195712B58272D00A0749E /* CoordinatorRequest.swift */; };
		C251957E2B58272E00A0749E /* BaseActionableTableViewCell.swift in Sources */ = {isa = PBXBuildFile; fileRef = C25195722B58272D00A0749E /* BaseActionableTableViewCell.swift */; };
		C251957F2B58272E00A0749E /* BaseCollectionViewCell.swift in Sources */ = {isa = PBXBuildFile; fileRef = C25195732B58272D00A0749E /* BaseCollectionViewCell.swift */; };
		C25195802B58272E00A0749E /* BaseActionableControl.swift in Sources */ = {isa = PBXBuildFile; fileRef = C25195742B58272E00A0749E /* BaseActionableControl.swift */; };
		C25195812B58272E00A0749E /* BaseActionableView.swift in Sources */ = {isa = PBXBuildFile; fileRef = C25195752B58272E00A0749E /* BaseActionableView.swift */; };
		C25195822B58272E00A0749E /* BaseViewModel.swift in Sources */ = {isa = PBXBuildFile; fileRef = C25195762B58272E00A0749E /* BaseViewModel.swift */; };
		C25195832B58272E00A0749E /* AlertAction.swift in Sources */ = {isa = PBXBuildFile; fileRef = C25195772B58272E00A0749E /* AlertAction.swift */; };
		C25195842B58272E00A0749E /* BaseCollectionReusableView.swift in Sources */ = {isa = PBXBuildFile; fileRef = C25195782B58272E00A0749E /* BaseCollectionReusableView.swift */; };
		C25195852B58272E00A0749E /* BasePageViewController.swift in Sources */ = {isa = PBXBuildFile; fileRef = C25195792B58272E00A0749E /* BasePageViewController.swift */; };
		C25195882B58320400A0749E /* UIViewController+Ext.swift in Sources */ = {isa = PBXBuildFile; fileRef = C25195872B58320400A0749E /* UIViewController+Ext.swift */; };
		C251958B2B5908CC00A0749E /* PhotosAPIService.swift in Sources */ = {isa = PBXBuildFile; fileRef = C251958A2B5908CC00A0749E /* PhotosAPIService.swift */; };
		C251958E2B59114100A0749E /* Photo.swift in Sources */ = {isa = PBXBuildFile; fileRef = C251958D2B59114100A0749E /* Photo.swift */; };
		C25195922B5931E800A0749E /* MainCoordinator.swift in Sources */ = {isa = PBXBuildFile; fileRef = C25195912B5931E800A0749E /* MainCoordinator.swift */; };
		C25195952B5933C300A0749E /* SnapKit in Frameworks */ = {isa = PBXBuildFile; productRef = C25195942B5933C300A0749E /* SnapKit */; };
		C25195972B5933C300A0749E /* SnapKit-Dynamic in Frameworks */ = {isa = PBXBuildFile; productRef = C25195962B5933C300A0749E /* SnapKit-Dynamic */; };
/* End PBXBuildFile section */

/* Begin PBXFileReference section */
		C25195552B58139E00A0749E /* XLabsInc.app */ = {isa = PBXFileReference; explicitFileType = wrapper.application; includeInIndex = 0; path = XLabsInc.app; sourceTree = BUILT_PRODUCTS_DIR; };
		C25195582B58139E00A0749E /* AppDelegate.swift */ = {isa = PBXFileReference; lastKnownFileType = sourcecode.swift; path = AppDelegate.swift; sourceTree = "<group>"; };
		C251955A2B58139E00A0749E /* SceneDelegate.swift */ = {isa = PBXFileReference; lastKnownFileType = sourcecode.swift; path = SceneDelegate.swift; sourceTree = "<group>"; };
		C251955C2B58139E00A0749E /* MainController.swift */ = {isa = PBXFileReference; lastKnownFileType = sourcecode.swift; path = MainController.swift; sourceTree = "<group>"; };
		C25195612B5813A000A0749E /* Assets.xcassets */ = {isa = PBXFileReference; lastKnownFileType = folder.assetcatalog; path = Assets.xcassets; sourceTree = "<group>"; };
		C25195642B5813A000A0749E /* Base */ = {isa = PBXFileReference; lastKnownFileType = file.storyboard; name = Base; path = Base.lproj/LaunchScreen.storyboard; sourceTree = "<group>"; };
		C25195662B5813A000A0749E /* Info.plist */ = {isa = PBXFileReference; lastKnownFileType = text.plist.xml; path = Info.plist; sourceTree = "<group>"; };
		C251956F2B58272D00A0749E /* BaseViewController.swift */ = {isa = PBXFileReference; fileEncoding = 4; lastKnownFileType = sourcecode.swift; path = BaseViewController.swift; sourceTree = "<group>"; };
		C25195702B58272D00A0749E /* BaseCoordinator.swift */ = {isa = PBXFileReference; fileEncoding = 4; lastKnownFileType = sourcecode.swift; path = BaseCoordinator.swift; sourceTree = "<group>"; };
		C25195712B58272D00A0749E /* CoordinatorRequest.swift */ = {isa = PBXFileReference; fileEncoding = 4; lastKnownFileType = sourcecode.swift; path = CoordinatorRequest.swift; sourceTree = "<group>"; };
		C25195722B58272D00A0749E /* BaseActionableTableViewCell.swift */ = {isa = PBXFileReference; fileEncoding = 4; lastKnownFileType = sourcecode.swift; path = BaseActionableTableViewCell.swift; sourceTree = "<group>"; };
		C25195732B58272D00A0749E /* BaseCollectionViewCell.swift */ = {isa = PBXFileReference; fileEncoding = 4; lastKnownFileType = sourcecode.swift; path = BaseCollectionViewCell.swift; sourceTree = "<group>"; };
		C25195742B58272E00A0749E /* BaseActionableControl.swift */ = {isa = PBXFileReference; fileEncoding = 4; lastKnownFileType = sourcecode.swift; path = BaseActionableControl.swift; sourceTree = "<group>"; };
		C25195752B58272E00A0749E /* BaseActionableView.swift */ = {isa = PBXFileReference; fileEncoding = 4; lastKnownFileType = sourcecode.swift; path = BaseActionableView.swift; sourceTree = "<group>"; };
		C25195762B58272E00A0749E /* BaseViewModel.swift */ = {isa = PBXFileReference; fileEncoding = 4; lastKnownFileType = sourcecode.swift; path = BaseViewModel.swift; sourceTree = "<group>"; };
		C25195772B58272E00A0749E /* AlertAction.swift */ = {isa = PBXFileReference; fileEncoding = 4; lastKnownFileType = sourcecode.swift; path = AlertAction.swift; sourceTree = "<group>"; };
		C25195782B58272E00A0749E /* BaseCollectionReusableView.swift */ = {isa = PBXFileReference; fileEncoding = 4; lastKnownFileType = sourcecode.swift; path = BaseCollectionReusableView.swift; sourceTree = "<group>"; };
		C25195792B58272E00A0749E /* BasePageViewController.swift */ = {isa = PBXFileReference; fileEncoding = 4; lastKnownFileType = sourcecode.swift; path = BasePageViewController.swift; sourceTree = "<group>"; };
		C25195872B58320400A0749E /* UIViewController+Ext.swift */ = {isa = PBXFileReference; lastKnownFileType = sourcecode.swift; path = "UIViewController+Ext.swift"; sourceTree = "<group>"; };
		C251958A2B5908CC00A0749E /* PhotosAPIService.swift */ = {isa = PBXFileReference; lastKnownFileType = sourcecode.swift; path = PhotosAPIService.swift; sourceTree = "<group>"; };
		C251958D2B59114100A0749E /* Photo.swift */ = {isa = PBXFileReference; lastKnownFileType = sourcecode.swift; path = Photo.swift; sourceTree = "<group>"; };
		C25195912B5931E800A0749E /* MainCoordinator.swift */ = {isa = PBXFileReference; lastKnownFileType = sourcecode.swift; path = MainCoordinator.swift; sourceTree = "<group>"; };
/* End PBXFileReference section */

/* Begin PBXFrameworksBuildPhase section */
		C25195522B58139E00A0749E /* Frameworks */ = {
			isa = PBXFrameworksBuildPhase;
			buildActionMask = 2147483647;
			files = (
				C25195952B5933C300A0749E /* SnapKit in Frameworks */,
				C25195972B5933C300A0749E /* SnapKit-Dynamic in Frameworks */,
			);
			runOnlyForDeploymentPostprocessing = 0;
		};
/* End PBXFrameworksBuildPhase section */

/* Begin PBXGroup section */
		C251954C2B58139E00A0749E = {
			isa = PBXGroup;
			children = (
				C25195572B58139E00A0749E /* XLabsInc */,
				C25195562B58139E00A0749E /* Products */,
			);
			sourceTree = "<group>";
		};
		C25195562B58139E00A0749E /* Products */ = {
			isa = PBXGroup;
			children = (
				C25195552B58139E00A0749E /* XLabsInc.app */,
			);
			name = Products;
			sourceTree = "<group>";
		};
		C25195572B58139E00A0749E /* XLabsInc */ = {
			isa = PBXGroup;
			children = (
				C251956C2B58234700A0749E /* App */,
				C251956D2B58235500A0749E /* Base */,
				C25195892B5908B900A0749E /* Services */,
				C251958C2B59111A00A0749E /* Models */,
				C25195862B5831ED00A0749E /* Extensions */,
				C25195912B5931E800A0749E /* MainCoordinator.swift */,
				C251955C2B58139E00A0749E /* MainController.swift */,
				C25195612B5813A000A0749E /* Assets.xcassets */,
				C25195632B5813A000A0749E /* LaunchScreen.storyboard */,
				C25195662B5813A000A0749E /* Info.plist */,
			);
			path = XLabsInc;
			sourceTree = "<group>";
		};
		C251956C2B58234700A0749E /* App */ = {
			isa = PBXGroup;
			children = (
				C25195582B58139E00A0749E /* AppDelegate.swift */,
				C251955A2B58139E00A0749E /* SceneDelegate.swift */,
			);
			path = App;
			sourceTree = "<group>";
		};
		C251956D2B58235500A0749E /* Base */ = {
			isa = PBXGroup;
			children = (
				C251956F2B58272D00A0749E /* BaseViewController.swift */,
				C25195762B58272E00A0749E /* BaseViewModel.swift */,
				C25195702B58272D00A0749E /* BaseCoordinator.swift */,
				C25195712B58272D00A0749E /* CoordinatorRequest.swift */,
				C25195772B58272E00A0749E /* AlertAction.swift */,
				C25195742B58272E00A0749E /* BaseActionableControl.swift */,
				C25195722B58272D00A0749E /* BaseActionableTableViewCell.swift */,
				C25195752B58272E00A0749E /* BaseActionableView.swift */,
				C25195782B58272E00A0749E /* BaseCollectionReusableView.swift */,
				C25195732B58272D00A0749E /* BaseCollectionViewCell.swift */,
				C25195792B58272E00A0749E /* BasePageViewController.swift */,
			);
			path = Base;
			sourceTree = "<group>";
		};
		C25195862B5831ED00A0749E /* Extensions */ = {
			isa = PBXGroup;
			children = (
				C25195872B58320400A0749E /* UIViewController+Ext.swift */,
			);
			path = Extensions;
			sourceTree = "<group>";
		};
		C25195892B5908B900A0749E /* Services */ = {
			isa = PBXGroup;
			children = (
				C251958A2B5908CC00A0749E /* PhotosAPIService.swift */,
			);
			path = Services;
			sourceTree = "<group>";
		};
		C251958C2B59111A00A0749E /* Models */ = {
			isa = PBXGroup;
			children = (
				C251958D2B59114100A0749E /* Photo.swift */,
			);
			path = Models;
			sourceTree = "<group>";
		};
/* End PBXGroup section */

/* Begin PBXNativeTarget section */
		C25195542B58139E00A0749E /* XLabsInc */ = {
			isa = PBXNativeTarget;
			buildConfigurationList = C25195692B5813A000A0749E /* Build configuration list for PBXNativeTarget "XLabsInc" */;
			buildPhases = (
				C25195512B58139E00A0749E /* Sources */,
				C25195522B58139E00A0749E /* Frameworks */,
				C25195532B58139E00A0749E /* Resources */,
			);
			buildRules = (
			);
			dependencies = (
			);
			name = XLabsInc;
			packageProductDependencies = (
				C25195942B5933C300A0749E /* SnapKit */,
				C25195962B5933C300A0749E /* SnapKit-Dynamic */,
			);
			productName = XLabsInc;
			productReference = C25195552B58139E00A0749E /* XLabsInc.app */;
			productType = "com.apple.product-type.application";
		};
/* End PBXNativeTarget section */

/* Begin PBXProject section */
		C251954D2B58139E00A0749E /* Project object */ = {
			isa = PBXProject;
			attributes = {
				BuildIndependentTargetsInParallel = 1;
				LastSwiftUpdateCheck = 1510;
				LastUpgradeCheck = 1510;
				TargetAttributes = {
					C25195542B58139E00A0749E = {
						CreatedOnToolsVersion = 15.1;
					};
				};
			};
			buildConfigurationList = C25195502B58139E00A0749E /* Build configuration list for PBXProject "XLabsInc" */;
			compatibilityVersion = "Xcode 14.0";
			developmentRegion = en;
			hasScannedForEncodings = 0;
			knownRegions = (
				en,
				Base,
			);
			mainGroup = C251954C2B58139E00A0749E;
			packageReferences = (
				C25195932B5933C300A0749E /* XCRemoteSwiftPackageReference "SnapKit" */,
			);
			productRefGroup = C25195562B58139E00A0749E /* Products */;
			projectDirPath = "";
			projectRoot = "";
			targets = (
				C25195542B58139E00A0749E /* XLabsInc */,
			);
		};
/* End PBXProject section */

/* Begin PBXResourcesBuildPhase section */
		C25195532B58139E00A0749E /* Resources */ = {
			isa = PBXResourcesBuildPhase;
			buildActionMask = 2147483647;
			files = (
				C25195652B5813A000A0749E /* LaunchScreen.storyboard in Resources */,
				C25195622B5813A000A0749E /* Assets.xcassets in Resources */,
			);
			runOnlyForDeploymentPostprocessing = 0;
		};
/* End PBXResourcesBuildPhase section */

/* Begin PBXSourcesBuildPhase section */
		C25195512B58139E00A0749E /* Sources */ = {
			isa = PBXSourcesBuildPhase;
			buildActionMask = 2147483647;
			files = (
				C251957B2B58272E00A0749E /* BaseViewController.swift in Sources */,
				C25195832B58272E00A0749E /* AlertAction.swift in Sources */,
				C25195842B58272E00A0749E /* BaseCollectionReusableView.swift in Sources */,
				C251957C2B58272E00A0749E /* BaseCoordinator.swift in Sources */,
				C25195802B58272E00A0749E /* BaseActionableControl.swift in Sources */,
				C251957F2B58272E00A0749E /* BaseCollectionViewCell.swift in Sources */,
				C251955D2B58139E00A0749E /* MainController.swift in Sources */,
				C25195822B58272E00A0749E /* BaseViewModel.swift in Sources */,
				C25195852B58272E00A0749E /* BasePageViewController.swift in Sources */,
				C251957D2B58272E00A0749E /* CoordinatorRequest.swift in Sources */,
				C251958E2B59114100A0749E /* Photo.swift in Sources */,
				C251958B2B5908CC00A0749E /* PhotosAPIService.swift in Sources */,
				C251957E2B58272E00A0749E /* BaseActionableTableViewCell.swift in Sources */,
				C25195592B58139E00A0749E /* AppDelegate.swift in Sources */,
				C25195922B5931E800A0749E /* MainCoordinator.swift in Sources */,
				C25195812B58272E00A0749E /* BaseActionableView.swift in Sources */,
				C25195882B58320400A0749E /* UIViewController+Ext.swift in Sources */,
				C251955B2B58139E00A0749E /* SceneDelegate.swift in Sources */,
			);
			runOnlyForDeploymentPostprocessing = 0;
		};
/* End PBXSourcesBuildPhase section */

/* Begin PBXVariantGroup section */
		C25195632B5813A000A0749E /* LaunchScreen.storyboard */ = {
			isa = PBXVariantGroup;
			children = (
				C25195642B5813A000A0749E /* Base */,
			);
			name = LaunchScreen.storyboard;
			sourceTree = "<group>";
		};
/* End PBXVariantGroup section */

/* Begin XCBuildConfiguration section */
		C25195672B5813A000A0749E /* Debug */ = {
			isa = XCBuildConfiguration;
			buildSettings = {
				ALWAYS_SEARCH_USER_PATHS = NO;
				ASSETCATALOG_COMPILER_GENERATE_SWIFT_ASSET_SYMBOL_EXTENSIONS = YES;
				CLANG_ANALYZER_NONNULL = YES;
				CLANG_ANALYZER_NUMBER_OBJECT_CONVERSION = YES_AGGRESSIVE;
				CLANG_CXX_LANGUAGE_STANDARD = "gnu++20";
				CLANG_ENABLE_MODULES = YES;
				CLANG_ENABLE_OBJC_ARC = YES;
				CLANG_ENABLE_OBJC_WEAK = YES;
				CLANG_WARN_BLOCK_CAPTURE_AUTORELEASING = YES;
				CLANG_WARN_BOOL_CONVERSION = YES;
				CLANG_WARN_COMMA = YES;
				CLANG_WARN_CONSTANT_CONVERSION = YES;
				CLANG_WARN_DEPRECATED_OBJC_IMPLEMENTATIONS = YES;
				CLANG_WARN_DIRECT_OBJC_ISA_USAGE = YES_ERROR;
				CLANG_WARN_DOCUMENTATION_COMMENTS = YES;
				CLANG_WARN_EMPTY_BODY = YES;
				CLANG_WARN_ENUM_CONVERSION = YES;
				CLANG_WARN_INFINITE_RECURSION = YES;
				CLANG_WARN_INT_CONVERSION = YES;
				CLANG_WARN_NON_LITERAL_NULL_CONVERSION = YES;
				CLANG_WARN_OBJC_IMPLICIT_RETAIN_SELF = YES;
				CLANG_WARN_OBJC_LITERAL_CONVERSION = YES;
				CLANG_WARN_OBJC_ROOT_CLASS = YES_ERROR;
				CLANG_WARN_QUOTED_INCLUDE_IN_FRAMEWORK_HEADER = YES;
				CLANG_WARN_RANGE_LOOP_ANALYSIS = YES;
				CLANG_WARN_STRICT_PROTOTYPES = YES;
				CLANG_WARN_SUSPICIOUS_MOVE = YES;
				CLANG_WARN_UNGUARDED_AVAILABILITY = YES_AGGRESSIVE;
				CLANG_WARN_UNREACHABLE_CODE = YES;
				CLANG_WARN__DUPLICATE_METHOD_MATCH = YES;
				COPY_PHASE_STRIP = NO;
				DEBUG_INFORMATION_FORMAT = dwarf;
				ENABLE_STRICT_OBJC_MSGSEND = YES;
				ENABLE_TESTABILITY = YES;
				ENABLE_USER_SCRIPT_SANDBOXING = YES;
				GCC_C_LANGUAGE_STANDARD = gnu17;
				GCC_DYNAMIC_NO_PIC = NO;
				GCC_NO_COMMON_BLOCKS = YES;
				GCC_OPTIMIZATION_LEVEL = 0;
				GCC_PREPROCESSOR_DEFINITIONS = (
					"DEBUG=1",
					"$(inherited)",
				);
				GCC_WARN_64_TO_32_BIT_CONVERSION = YES;
				GCC_WARN_ABOUT_RETURN_TYPE = YES_ERROR;
				GCC_WARN_UNDECLARED_SELECTOR = YES;
				GCC_WARN_UNINITIALIZED_AUTOS = YES_AGGRESSIVE;
				GCC_WARN_UNUSED_FUNCTION = YES;
				GCC_WARN_UNUSED_VARIABLE = YES;
				IPHONEOS_DEPLOYMENT_TARGET = 17.0;
				LOCALIZATION_PREFERS_STRING_CATALOGS = YES;
				MTL_ENABLE_DEBUG_INFO = INCLUDE_SOURCE;
				MTL_FAST_MATH = YES;
				ONLY_ACTIVE_ARCH = YES;
				SDKROOT = iphoneos;
				SWIFT_ACTIVE_COMPILATION_CONDITIONS = "DEBUG $(inherited)";
				SWIFT_OPTIMIZATION_LEVEL = "-Onone";
			};
			name = Debug;
		};
		C25195682B5813A000A0749E /* Release */ = {
			isa = XCBuildConfiguration;
			buildSettings = {
				ALWAYS_SEARCH_USER_PATHS = NO;
				ASSETCATALOG_COMPILER_GENERATE_SWIFT_ASSET_SYMBOL_EXTENSIONS = YES;
				CLANG_ANALYZER_NONNULL = YES;
				CLANG_ANALYZER_NUMBER_OBJECT_CONVERSION = YES_AGGRESSIVE;
				CLANG_CXX_LANGUAGE_STANDARD = "gnu++20";
				CLANG_ENABLE_MODULES = YES;
				CLANG_ENABLE_OBJC_ARC = YES;
				CLANG_ENABLE_OBJC_WEAK = YES;
				CLANG_WARN_BLOCK_CAPTURE_AUTORELEASING = YES;
				CLANG_WARN_BOOL_CONVERSION = YES;
				CLANG_WARN_COMMA = YES;
				CLANG_WARN_CONSTANT_CONVERSION = YES;
				CLANG_WARN_DEPRECATED_OBJC_IMPLEMENTATIONS = YES;
				CLANG_WARN_DIRECT_OBJC_ISA_USAGE = YES_ERROR;
				CLANG_WARN_DOCUMENTATION_COMMENTS = YES;
				CLANG_WARN_EMPTY_BODY = YES;
				CLANG_WARN_ENUM_CONVERSION = YES;
				CLANG_WARN_INFINITE_RECURSION = YES;
				CLANG_WARN_INT_CONVERSION = YES;
				CLANG_WARN_NON_LITERAL_NULL_CONVERSION = YES;
				CLANG_WARN_OBJC_IMPLICIT_RETAIN_SELF = YES;
				CLANG_WARN_OBJC_LITERAL_CONVERSION = YES;
				CLANG_WARN_OBJC_ROOT_CLASS = YES_ERROR;
				CLANG_WARN_QUOTED_INCLUDE_IN_FRAMEWORK_HEADER = YES;
				CLANG_WARN_RANGE_LOOP_ANALYSIS = YES;
				CLANG_WARN_STRICT_PROTOTYPES = YES;
				CLANG_WARN_SUSPICIOUS_MOVE = YES;
				CLANG_WARN_UNGUARDED_AVAILABILITY = YES_AGGRESSIVE;
				CLANG_WARN_UNREACHABLE_CODE = YES;
				CLANG_WARN__DUPLICATE_METHOD_MATCH = YES;
				COPY_PHASE_STRIP = NO;
				DEBUG_INFORMATION_FORMAT = "dwarf-with-dsym";
				ENABLE_NS_ASSERTIONS = NO;
				ENABLE_STRICT_OBJC_MSGSEND = YES;
				ENABLE_USER_SCRIPT_SANDBOXING = YES;
				GCC_C_LANGUAGE_STANDARD = gnu17;
				GCC_NO_COMMON_BLOCKS = YES;
				GCC_WARN_64_TO_32_BIT_CONVERSION = YES;
				GCC_WARN_ABOUT_RETURN_TYPE = YES_ERROR;
				GCC_WARN_UNDECLARED_SELECTOR = YES;
				GCC_WARN_UNINITIALIZED_AUTOS = YES_AGGRESSIVE;
				GCC_WARN_UNUSED_FUNCTION = YES;
				GCC_WARN_UNUSED_VARIABLE = YES;
				IPHONEOS_DEPLOYMENT_TARGET = 17.0;
				LOCALIZATION_PREFERS_STRING_CATALOGS = YES;
				MTL_ENABLE_DEBUG_INFO = NO;
				MTL_FAST_MATH = YES;
				SDKROOT = iphoneos;
				SWIFT_COMPILATION_MODE = wholemodule;
				VALIDATE_PRODUCT = YES;
			};
			name = Release;
		};
		C251956A2B5813A000A0749E /* Debug */ = {
			isa = XCBuildConfiguration;
			buildSettings = {
				ASSETCATALOG_COMPILER_APPICON_NAME = AppIcon;
				ASSETCATALOG_COMPILER_GLOBAL_ACCENT_COLOR_NAME = AccentColor;
				CODE_SIGN_STYLE = Automatic;
				CURRENT_PROJECT_VERSION = 1;
				DEVELOPMENT_TEAM = XS3844XUCL;
				GENERATE_INFOPLIST_FILE = YES;
				INFOPLIST_FILE = XLabsInc/Info.plist;
				INFOPLIST_KEY_UIApplicationSupportsIndirectInputEvents = YES;
				INFOPLIST_KEY_UILaunchStoryboardName = LaunchScreen;
				INFOPLIST_KEY_UISupportedInterfaceOrientations_iPad = "UIInterfaceOrientationPortrait UIInterfaceOrientationPortraitUpsideDown UIInterfaceOrientationLandscapeLeft UIInterfaceOrientationLandscapeRight";
				INFOPLIST_KEY_UISupportedInterfaceOrientations_iPhone = "UIInterfaceOrientationPortrait UIInterfaceOrientationLandscapeLeft UIInterfaceOrientationLandscapeRight";
				IPHONEOS_DEPLOYMENT_TARGET = 17.0;
				LD_RUNPATH_SEARCH_PATHS = (
					"$(inherited)",
					"@executable_path/Frameworks",
				);
				MARKETING_VERSION = 1.0;
				PRODUCT_BUNDLE_IDENTIFIER = com.artsemmarkhel.XLabsInc;
				PRODUCT_NAME = "$(TARGET_NAME)";
				SWIFT_EMIT_LOC_STRINGS = YES;
				SWIFT_VERSION = 5.0;
				TARGETED_DEVICE_FAMILY = "1,2";
			};
			name = Debug;
		};
		C251956B2B5813A000A0749E /* Release */ = {
			isa = XCBuildConfiguration;
			buildSettings = {
				ASSETCATALOG_COMPILER_APPICON_NAME = AppIcon;
				ASSETCATALOG_COMPILER_GLOBAL_ACCENT_COLOR_NAME = AccentColor;
				CODE_SIGN_STYLE = Automatic;
				CURRENT_PROJECT_VERSION = 1;
				DEVELOPMENT_TEAM = XS3844XUCL;
				GENERATE_INFOPLIST_FILE = YES;
				INFOPLIST_FILE = XLabsInc/Info.plist;
				INFOPLIST_KEY_UIApplicationSupportsIndirectInputEvents = YES;
				INFOPLIST_KEY_UILaunchStoryboardName = LaunchScreen;
				INFOPLIST_KEY_UISupportedInterfaceOrientations_iPad = "UIInterfaceOrientationPortrait UIInterfaceOrientationPortraitUpsideDown UIInterfaceOrientationLandscapeLeft UIInterfaceOrientationLandscapeRight";
				INFOPLIST_KEY_UISupportedInterfaceOrientations_iPhone = "UIInterfaceOrientationPortrait UIInterfaceOrientationLandscapeLeft UIInterfaceOrientationLandscapeRight";
				IPHONEOS_DEPLOYMENT_TARGET = 17.0;
				LD_RUNPATH_SEARCH_PATHS = (
					"$(inherited)",
					"@executable_path/Frameworks",
				);
				MARKETING_VERSION = 1.0;
				PRODUCT_BUNDLE_IDENTIFIER = com.artsemmarkhel.XLabsInc;
				PRODUCT_NAME = "$(TARGET_NAME)";
				SWIFT_EMIT_LOC_STRINGS = YES;
				SWIFT_VERSION = 5.0;
				TARGETED_DEVICE_FAMILY = "1,2";
			};
			name = Release;
		};
/* End XCBuildConfiguration section */

/* Begin XCConfigurationList section */
		C25195502B58139E00A0749E /* Build configuration list for PBXProject "XLabsInc" */ = {
			isa = XCConfigurationList;
			buildConfigurations = (
				C25195672B5813A000A0749E /* Debug */,
				C25195682B5813A000A0749E /* Release */,
			);
			defaultConfigurationIsVisible = 0;
			defaultConfigurationName = Release;
		};
		C25195692B5813A000A0749E /* Build configuration list for PBXNativeTarget "XLabsInc" */ = {
			isa = XCConfigurationList;
			buildConfigurations = (
				C251956A2B5813A000A0749E /* Debug */,
				C251956B2B5813A000A0749E /* Release */,
			);
			defaultConfigurationIsVisible = 0;
			defaultConfigurationName = Release;
		};
/* End XCConfigurationList section */

/* Begin XCRemoteSwiftPackageReference section */
		C25195932B5933C300A0749E /* XCRemoteSwiftPackageReference "SnapKit" */ = {
			isa = XCRemoteSwiftPackageReference;
			repositoryURL = "https://github.com/SnapKit/SnapKit";
			requirement = {
				kind = upToNextMajorVersion;
				minimumVersion = 5.7.0;
			};
		};
/* End XCRemoteSwiftPackageReference section */

/* Begin XCSwiftPackageProductDependency section */
		C25195942B5933C300A0749E /* SnapKit */ = {
			isa = XCSwiftPackageProductDependency;
			package = C25195932B5933C300A0749E /* XCRemoteSwiftPackageReference "SnapKit" */;
			productName = SnapKit;
		};
		C25195962B5933C300A0749E /* SnapKit-Dynamic */ = {
			isa = XCSwiftPackageProductDependency;
			package = C25195932B5933C300A0749E /* XCRemoteSwiftPackageReference "SnapKit" */;
			productName = "SnapKit-Dynamic";
		};
/* End XCSwiftPackageProductDependency section */
	};
	rootObject = C251954D2B58139E00A0749E /* Project object */;
}
